
Microsoft Visual Studio Solution File, Format Version 12.00
# Visual Studio 15
VisualStudioVersion = 15.0.28307.852
MinimumVisualStudioVersion = 10.0.40219.1
Project("{FAE04EC0-301F-11D3-BF4B-00C04F79EFBC}") = "myLeassing.Common", "myLeassing.Common\myLeassing.Common.csproj", "{2A840F81-948C-4926-ADCB-2D85973B6263}"
EndProject
Project("{FAE04EC0-301F-11D3-BF4B-00C04F79EFBC}") = "myLeassing.Web", "myLeassing.Web\myLeassing.Web.csproj", "{1926AEC4-E2B1-4CB1-8AD0-B9D677ADA5C6}"
EndProject
Global
	GlobalSection(SolutionConfigurationPlatforms) = preSolution
		Debug|Any CPU = Debug|Any CPU
		Release|Any CPU = Release|Any CPU
	EndGlobalSection
	GlobalSection(ProjectConfigurationPlatforms) = postSolution
		{2A840F81-948C-4926-ADCB-2D85973B6263}.Debug|Any CPU.ActiveCfg = Debug|Any CPU
		{2A840F81-948C-4926-ADCB-2D85973B6263}.Debug|Any CPU.Build.0 = Debug|Any CPU
		{2A840F81-948C-4926-ADCB-2D85973B6263}.Release|Any CPU.ActiveCfg = Release|Any CPU
		{2A840F81-948C-4926-ADCB-2D85973B6263}.Release|Any CPU.Build.0 = Release|Any CPU
		{1926AEC4-E2B1-4CB1-8AD0-B9D677ADA5C6}.Debug|Any CPU.ActiveCfg = Debug|Any CPU
		{1926AEC4-E2B1-4CB1-8AD0-B9D677ADA5C6}.Debug|Any CPU.Build.0 = Debug|Any CPU
		{1926AEC4-E2B1-4CB1-8AD0-B9D677ADA5C6}.Release|Any CPU.ActiveCfg = Release|Any CPU
		{1926AEC4-E2B1-4CB1-8AD0-B9D677ADA5C6}.Release|Any CPU.Build.0 = Release|Any CPU
	EndGlobalSection
	GlobalSection(SolutionProperties) = preSolution
		HideSolutionNode = FALSE
	EndGlobalSection
	GlobalSection(ExtensibilityGlobals) = postSolution
		SolutionGuid = {AA09E6F9-2E53-4FDB-ABB9-9C6B6319165D}
	EndGlobalSection
EndGlobal
